{
  "name": "diaria-dashboard",
  "lockfileVersion": 3,
  "requires": true,
  "packages": {
    "": {
      "name": "diaria-dashboard",
      "devDependencies": {
        "@cloudflare/workers-types": "^4.20241230.0",
        "typescript": "^5.6.0"
      }
    },
    "node_modules/@cloudflare/workers-types": {
      "version": "4.20260612.1",
      "resolved": "https://registry.npmjs.org/@cloudflare/workers-types/-/workers-types-4.20260612.1.tgz",
      "integrity": "sha512-PMQI7XP/wrMhxyjseUHoHj6XFqkHaf4utWQ/hhefVY8oMK2LJ730oeQ7H/nZSVMexZe39DzsdOx7sf1PqMr7+Q==",
      "dev": true,
      "license": "MIT OR Apache-2.0"
    },
    "node_modules/typescript": {
      "version": "5.9.3",
      "resolved": "https://registry.npmjs.org/typescript/-/typescript-5.9.3.tgz",
      "integrity": "sha512-jl1vZzPDinLr9eUt3J/t7V6FgNEw9QjvBPdysz9KfQDD41fQrC2Y4vKQdiaUpFT4bXlb1RHhLpp8wtm6M5TgSw==",
      "dev": true,
      "license": "Apache-2.0",
      "bin": {
        "tsc": "bin/tsc",
        "tsserver": "bin/tsserver"
      },
      "engines": {
        "node": ">=14.17"
      }
    }
  }
}
